
Microsoft Visual Studio Solution File, Format Version 12.00
# Visual Studio 15
VisualStudioVersion = 15.0.27428.2015
MinimumVisualStudioVersion = 10.0.40219.1
Project("{8BC9CEB8-8B4A-11D0-8D11-00A0C91BC942}") = "dft", "dft.vcxproj", "{028F3009-3279-4182-B1C1-1C5732A59E6D}"
EndProject
Project("{8BC9CEB8-8B4A-11D0-8D11-00A0C91BC942}") = "UnitTest1", "UnitTest1\UnitTest1.vcxproj", "{3365221F-B931-453B-AEE6-97976973D4CC}"
EndProject
Project("{2150E333-8FDC-42A3-9474-1A3956D46DE8}") = "Solution Items", "Solution Items", "{E4CA4FE9-E30A-45D9-A0E8-C9F12ECAE29A}"
	ProjectSection(SolutionItems) = preProject
		README.txt = README.txt
	EndProjectSection
EndProject
Global
	GlobalSection(SolutionConfigurationPlatforms) = preSolution
		Debug|x64 = Debug|x64
		Debug|x86 = Debug|x86
		Release|x64 = Release|x64
		Release|x86 = Release|x86
	EndGlobalSection
	GlobalSection(ProjectConfigurationPlatforms) = postSolution
		{028F3009-3279-4182-B1C1-1C5732A59E6D}.Debug|x64.ActiveCfg = Debug|x64
		{028F3009-3279-4182-B1C1-1C5732A59E6D}.Debug|x64.Build.0 = Debug|x64
		{028F3009-3279-4182-B1C1-1C5732A59E6D}.Debug|x86.ActiveCfg = Debug|Win32
		{028F3009-3279-4182-B1C1-1C5732A59E6D}.Debug|x86.Build.0 = Debug|Win32
		{028F3009-3279-4182-B1C1-1C5732A59E6D}.Release|x64.ActiveCfg = Release|x64
		{028F3009-3279-4182-B1C1-1C5732A59E6D}.Release|x64.Build.0 = Release|x64
		{028F3009-3279-4182-B1C1-1C5732A59E6D}.Release|x86.ActiveCfg = Release|Win32
		{028F3009-3279-4182-B1C1-1C5732A59E6D}.Release|x86.Build.0 = Release|Win32
		{3365221F-B931-453B-AEE6-97976973D4CC}.Debug|x64.ActiveCfg = Debug|x64
		{3365221F-B931-453B-AEE6-97976973D4CC}.Debug|x64.Build.0 = Debug|x64
		{3365221F-B931-453B-AEE6-97976973D4CC}.Debug|x86.ActiveCfg = Debug|Win32
		{3365221F-B931-453B-AEE6-97976973D4CC}.Debug|x86.Build.0 = Debug|Win32
		{3365221F-B931-453B-AEE6-97976973D4CC}.Release|x64.ActiveCfg = Release|x64
		{3365221F-B931-453B-AEE6-97976973D4CC}.Release|x64.Build.0 = Release|x64
		{3365221F-B931-453B-AEE6-97976973D4CC}.Release|x86.ActiveCfg = Release|Win32
		{3365221F-B931-453B-AEE6-97976973D4CC}.Release|x86.Build.0 = Release|Win32
	EndGlobalSection
	GlobalSection(SolutionProperties) = preSolution
		HideSolutionNode = FALSE
	EndGlobalSection
	GlobalSection(ExtensibilityGlobals) = postSolution
		SolutionGuid = {8E7B96F0-2412-4E70-B329-947FA457E131}
	EndGlobalSection
EndGlobal
